
Microsoft Visual Studio Solution File, Format Version 12.00
# Visual Studio Version 17
VisualStudioVersion = 17.0.31903.59
MinimumVisualStudioVersion = 10.0.40219.1
Project("{FAE04EC0-301F-11D3-BF4B-00C04F79EFBC}") = "Orders.API", "Orders.API\Orders.API.csproj", "{F5AFD949-4B98-45B1-80EE-829E298A59D3}"
EndProject
Project("{FAE04EC0-301F-11D3-BF4B-00C04F79EFBC}") = "Orders.BLL", "Orders.BLL\Orders.BLL.csproj", "{3E67FC09-CF9F-49E4-AE25-5238ECCC99B5}"
EndProject
Project("{FAE04EC0-301F-11D3-BF4B-00C04F79EFBC}") = "Orders.DAL", "Orders.DAL\Orders.DAL.csproj", "{EA746736-A9F1-4AA3-863C-5E835707502C}"
EndProject
Global
	GlobalSection(SolutionConfigurationPlatforms) = preSolution
		Debug|Any CPU = Debug|Any CPU
		Release|Any CPU = Release|Any CPU
	EndGlobalSection
	GlobalSection(SolutionProperties) = preSolution
		HideSolutionNode = FALSE
	EndGlobalSection
	GlobalSection(ProjectConfigurationPlatforms) = postSolution
		{F5AFD949-4B98-45B1-80EE-829E298A59D3}.Debug|Any CPU.ActiveCfg = Debug|Any CPU
		{F5AFD949-4B98-45B1-80EE-829E298A59D3}.Debug|Any CPU.Build.0 = Debug|Any CPU
		{F5AFD949-4B98-45B1-80EE-829E298A59D3}.Release|Any CPU.ActiveCfg = Release|Any CPU
		{F5AFD949-4B98-45B1-80EE-829E298A59D3}.Release|Any CPU.Build.0 = Release|Any CPU
		{3E67FC09-CF9F-49E4-AE25-5238ECCC99B5}.Debug|Any CPU.ActiveCfg = Debug|Any CPU
		{3E67FC09-CF9F-49E4-AE25-5238ECCC99B5}.Debug|Any CPU.Build.0 = Debug|Any CPU
		{3E67FC09-CF9F-49E4-AE25-5238ECCC99B5}.Release|Any CPU.ActiveCfg = Release|Any CPU
		{3E67FC09-CF9F-49E4-AE25-5238ECCC99B5}.Release|Any CPU.Build.0 = Release|Any CPU
		{EA746736-A9F1-4AA3-863C-5E835707502C}.Debug|Any CPU.ActiveCfg = Debug|Any CPU
		{EA746736-A9F1-4AA3-863C-5E835707502C}.Debug|Any CPU.Build.0 = Debug|Any CPU
		{EA746736-A9F1-4AA3-863C-5E835707502C}.Release|Any CPU.ActiveCfg = Release|Any CPU
		{EA746736-A9F1-4AA3-863C-5E835707502C}.Release|Any CPU.Build.0 = Release|Any CPU
	EndGlobalSection
EndGlobal
