
Microsoft Visual Studio Solution File, Format Version 12.00
# Visual Studio Version 17
VisualStudioVersion = 17.0.31903.59
MinimumVisualStudioVersion = 10.0.40219.1
Project("{2150E333-8FDC-42A3-9474-1A3956D46DE8}") = "Orders", "Orders", "{54042972-9C6B-41C0-9138-4260D7816201}"
EndProject
Project("{FAE04EC0-301F-11D3-BF4B-00C04F79EFBC}") = "Orders.API", "Orders\Orders.API\Orders.API.csproj", "{B44864A7-C5F3-4EF8-A225-15AAFF4D75FE}"
EndProject
Project("{FAE04EC0-301F-11D3-BF4B-00C04F79EFBC}") = "Orders.BLL", "Orders\Orders.BLL\Orders.BLL.csproj", "{7B84F875-16F4-4358-8673-AED7C17F6ED3}"
EndProject
Project("{FAE04EC0-301F-11D3-BF4B-00C04F79EFBC}") = "Orders.DAL", "Orders\Orders.DAL\Orders.DAL.csproj", "{2AADFC8B-1DF2-4A55-805C-6ECAC019F023}"
EndProject
Project("{2150E333-8FDC-42A3-9474-1A3956D46DE8}") = "Products", "Products", "{1B77CF9F-2E71-447B-953C-82B08C8FB4FB}"
EndProject
Project("{FAE04EC0-301F-11D3-BF4B-00C04F79EFBC}") = "Products.API", "Products\Products.API\Products.API.csproj", "{398C85B6-9C6E-4B81-A866-8F002BA15BED}"
EndProject
Project("{FAE04EC0-301F-11D3-BF4B-00C04F79EFBC}") = "Products.BLL", "Products\Products.BLL\Products.BLL.csproj", "{F67BB9B9-7020-4485-A8D5-3ACF674A3A03}"
EndProject
Project("{FAE04EC0-301F-11D3-BF4B-00C04F79EFBC}") = "Products.DAL", "Products\Products.DAL\Products.DAL.csproj", "{D228D923-4780-47D8-9A92-D2716F6218FC}"
EndProject
Project("{2150E333-8FDC-42A3-9474-1A3956D46DE8}") = "Users", "Users", "{42EE42AB-A5D4-4D7B-91A0-82D11CD34161}"
EndProject
Project("{FAE04EC0-301F-11D3-BF4B-00C04F79EFBC}") = "Users.API", "Users\Users.API\Users.API.csproj", "{6E4AA7A4-6F49-4AB8-90A3-FEB9705DB1AC}"
EndProject
Project("{FAE04EC0-301F-11D3-BF4B-00C04F79EFBC}") = "Users.Core", "Users\Users.Core\Users.Core.csproj", "{2E405F5D-DCC6-49AA-BE20-22E6E46AB646}"
EndProject
Project("{FAE04EC0-301F-11D3-BF4B-00C04F79EFBC}") = "Users.Infrastructure", "Users\Users.Infrastructure\Users.Infrastructure.csproj", "{8BBD31F2-AB58-4884-8A9D-20A146A510F1}"
EndProject
Global
	GlobalSection(SolutionConfigurationPlatforms) = preSolution
		Debug|Any CPU = Debug|Any CPU
		Release|Any CPU = Release|Any CPU
	EndGlobalSection
	GlobalSection(SolutionProperties) = preSolution
		HideSolutionNode = FALSE
	EndGlobalSection
	GlobalSection(ProjectConfigurationPlatforms) = postSolution
		{B44864A7-C5F3-4EF8-A225-15AAFF4D75FE}.Debug|Any CPU.ActiveCfg = Debug|Any CPU
		{B44864A7-C5F3-4EF8-A225-15AAFF4D75FE}.Debug|Any CPU.Build.0 = Debug|Any CPU
		{B44864A7-C5F3-4EF8-A225-15AAFF4D75FE}.Release|Any CPU.ActiveCfg = Release|Any CPU
		{B44864A7-C5F3-4EF8-A225-15AAFF4D75FE}.Release|Any CPU.Build.0 = Release|Any CPU
		{7B84F875-16F4-4358-8673-AED7C17F6ED3}.Debug|Any CPU.ActiveCfg = Debug|Any CPU
		{7B84F875-16F4-4358-8673-AED7C17F6ED3}.Debug|Any CPU.Build.0 = Debug|Any CPU
		{7B84F875-16F4-4358-8673-AED7C17F6ED3}.Release|Any CPU.ActiveCfg = Release|Any CPU
		{7B84F875-16F4-4358-8673-AED7C17F6ED3}.Release|Any CPU.Build.0 = Release|Any CPU
		{2AADFC8B-1DF2-4A55-805C-6ECAC019F023}.Debug|Any CPU.ActiveCfg = Debug|Any CPU
		{2AADFC8B-1DF2-4A55-805C-6ECAC019F023}.Debug|Any CPU.Build.0 = Debug|Any CPU
		{2AADFC8B-1DF2-4A55-805C-6ECAC019F023}.Release|Any CPU.ActiveCfg = Release|Any CPU
		{2AADFC8B-1DF2-4A55-805C-6ECAC019F023}.Release|Any CPU.Build.0 = Release|Any CPU
		{398C85B6-9C6E-4B81-A866-8F002BA15BED}.Debug|Any CPU.ActiveCfg = Debug|Any CPU
		{398C85B6-9C6E-4B81-A866-8F002BA15BED}.Debug|Any CPU.Build.0 = Debug|Any CPU
		{398C85B6-9C6E-4B81-A866-8F002BA15BED}.Release|Any CPU.ActiveCfg = Release|Any CPU
		{398C85B6-9C6E-4B81-A866-8F002BA15BED}.Release|Any CPU.Build.0 = Release|Any CPU
		{F67BB9B9-7020-4485-A8D5-3ACF674A3A03}.Debug|Any CPU.ActiveCfg = Debug|Any CPU
		{F67BB9B9-7020-4485-A8D5-3ACF674A3A03}.Debug|Any CPU.Build.0 = Debug|Any CPU
		{F67BB9B9-7020-4485-A8D5-3ACF674A3A03}.Release|Any CPU.ActiveCfg = Release|Any CPU
		{F67BB9B9-7020-4485-A8D5-3ACF674A3A03}.Release|Any CPU.Build.0 = Release|Any CPU
		{D228D923-4780-47D8-9A92-D2716F6218FC}.Debug|Any CPU.ActiveCfg = Debug|Any CPU
		{D228D923-4780-47D8-9A92-D2716F6218FC}.Debug|Any CPU.Build.0 = Debug|Any CPU
		{D228D923-4780-47D8-9A92-D2716F6218FC}.Release|Any CPU.ActiveCfg = Release|Any CPU
		{D228D923-4780-47D8-9A92-D2716F6218FC}.Release|Any CPU.Build.0 = Release|Any CPU
		{6E4AA7A4-6F49-4AB8-90A3-FEB9705DB1AC}.Debug|Any CPU.ActiveCfg = Debug|Any CPU
		{6E4AA7A4-6F49-4AB8-90A3-FEB9705DB1AC}.Debug|Any CPU.Build.0 = Debug|Any CPU
		{6E4AA7A4-6F49-4AB8-90A3-FEB9705DB1AC}.Release|Any CPU.ActiveCfg = Release|Any CPU
		{6E4AA7A4-6F49-4AB8-90A3-FEB9705DB1AC}.Release|Any CPU.Build.0 = Release|Any CPU
		{2E405F5D-DCC6-49AA-BE20-22E6E46AB646}.Debug|Any CPU.ActiveCfg = Debug|Any CPU
		{2E405F5D-DCC6-49AA-BE20-22E6E46AB646}.Debug|Any CPU.Build.0 = Debug|Any CPU
		{2E405F5D-DCC6-49AA-BE20-22E6E46AB646}.Release|Any CPU.ActiveCfg = Release|Any CPU
		{2E405F5D-DCC6-49AA-BE20-22E6E46AB646}.Release|Any CPU.Build.0 = Release|Any CPU
		{8BBD31F2-AB58-4884-8A9D-20A146A510F1}.Debug|Any CPU.ActiveCfg = Debug|Any CPU
		{8BBD31F2-AB58-4884-8A9D-20A146A510F1}.Debug|Any CPU.Build.0 = Debug|Any CPU
		{8BBD31F2-AB58-4884-8A9D-20A146A510F1}.Release|Any CPU.ActiveCfg = Release|Any CPU
		{8BBD31F2-AB58-4884-8A9D-20A146A510F1}.Release|Any CPU.Build.0 = Release|Any CPU
	EndGlobalSection
	GlobalSection(NestedProjects) = preSolution
		{B44864A7-C5F3-4EF8-A225-15AAFF4D75FE} = {54042972-9C6B-41C0-9138-4260D7816201}
		{7B84F875-16F4-4358-8673-AED7C17F6ED3} = {54042972-9C6B-41C0-9138-4260D7816201}
		{2AADFC8B-1DF2-4A55-805C-6ECAC019F023} = {54042972-9C6B-41C0-9138-4260D7816201}
		{398C85B6-9C6E-4B81-A866-8F002BA15BED} = {1B77CF9F-2E71-447B-953C-82B08C8FB4FB}
		{F67BB9B9-7020-4485-A8D5-3ACF674A3A03} = {1B77CF9F-2E71-447B-953C-82B08C8FB4FB}
		{D228D923-4780-47D8-9A92-D2716F6218FC} = {1B77CF9F-2E71-447B-953C-82B08C8FB4FB}
		{6E4AA7A4-6F49-4AB8-90A3-FEB9705DB1AC} = {42EE42AB-A5D4-4D7B-91A0-82D11CD34161}
		{2E405F5D-DCC6-49AA-BE20-22E6E46AB646} = {42EE42AB-A5D4-4D7B-91A0-82D11CD34161}
		{8BBD31F2-AB58-4884-8A9D-20A146A510F1} = {42EE42AB-A5D4-4D7B-91A0-82D11CD34161}
	EndGlobalSection
EndGlobal
